
Microsoft Visual Studio Solution File, Format Version 12.00
# Visual Studio Version 16
VisualStudioVersion = 16.0.31313.79
MinimumVisualStudioVersion = 10.0.40219.1
Project("{FAE04EC0-301F-11D3-BF4B-00C04F79EFBC}") = "OlaMundo", "OlaMundo\OlaMundo.csproj", "{2F471103-7A8C-4A6F-8C88-6FA278AB3792}"
EndProject
Global
	GlobalSection(SolutionConfigurationPlatforms) = preSolution
		Debug|Any CPU = Debug|Any CPU
		Release|Any CPU = Release|Any CPU
	EndGlobalSection
	GlobalSection(ProjectConfigurationPlatforms) = postSolution
		{2F471103-7A8C-4A6F-8C88-6FA278AB3792}.Debug|Any CPU.ActiveCfg = Debug|Any CPU
		{2F471103-7A8C-4A6F-8C88-6FA278AB3792}.Debug|Any CPU.Build.0 = Debug|Any CPU
		{2F471103-7A8C-4A6F-8C88-6FA278AB3792}.Release|Any CPU.ActiveCfg = Release|Any CPU
		{2F471103-7A8C-4A6F-8C88-6FA278AB3792}.Release|Any CPU.Build.0 = Release|Any CPU
	EndGlobalSection
	GlobalSection(SolutionProperties) = preSolution
		HideSolutionNode = FALSE
	EndGlobalSection
	GlobalSection(ExtensibilityGlobals) = postSolution
		SolutionGuid = {3AED87BE-124B-4F5F-B1AC-CE430254B685}
	EndGlobalSection
EndGlobal
